<?xml version="1.0" encoding="utf-8"?>
<Project ToolsVersion="17.0" xmlns="http://schemas.microsoft.com/developer/msbuild/2003">
  <ItemGroup>
    <CustomBuild Include="C:\Users\Jimmi\OneDrive\Desktop\sdt-engine\Investigations\CQ35_Per_Spation_Rolling_Mechanics\build_cq35\CMakeFiles\9a72898b34c61c2dcff7b6344dc4b5ea\generate.stamp.rule">
      <Filter>CMake Rules</Filter>
    </CustomBuild>
  </ItemGroup>
  <ItemGroup>
    <Filter Include="CMake Rules">
      <UniqueIdentifier>{A455E86F-9CC1-3418-A2AB-4BB6138EB3B0}</UniqueIdentifier>
    </Filter>
  </ItemGroup>
</Project>
