
Microsoft Visual Studio Solution File, Format Version 12.00
# Visual Studio Version 17
Project("{8BC9CEB8-8B4A-11D0-8D11-00A0C91BC942}") = "ALL_BUILD", "ALL_BUILD.vcxproj", "{ABDD1BBD-6B88-31DA-A242-53BFC6341F0C}"
	ProjectSection(ProjectDependencies) = postProject
		{E8C38E81-D2F6-38E1-A88D-43EC67689DCE} = {E8C38E81-D2F6-38E1-A88D-43EC67689DCE}
		{7709F90F-3DA2-3F96-A694-15125342A8F7} = {7709F90F-3DA2-3F96-A694-15125342A8F7}
	EndProjectSection
EndProject
Project("{8BC9CEB8-8B4A-11D0-8D11-00A0C91BC942}") = "ZERO_CHECK", "ZERO_CHECK.vcxproj", "{E8C38E81-D2F6-38E1-A88D-43EC67689DCE}"
	ProjectSection(ProjectDependencies) = postProject
	EndProjectSection
EndProject
Project("{8BC9CEB8-8B4A-11D0-8D11-00A0C91BC942}") = "cq35_rolling_solver", "cq35_rolling_solver.vcxproj", "{7709F90F-3DA2-3F96-A694-15125342A8F7}"
	ProjectSection(ProjectDependencies) = postProject
		{E8C38E81-D2F6-38E1-A88D-43EC67689DCE} = {E8C38E81-D2F6-38E1-A88D-43EC67689DCE}
	EndProjectSection
EndProject
Global
	GlobalSection(SolutionConfigurationPlatforms) = preSolution
		Debug|x64 = Debug|x64
		Release|x64 = Release|x64
		MinSizeRel|x64 = MinSizeRel|x64
		RelWithDebInfo|x64 = RelWithDebInfo|x64
	EndGlobalSection
	GlobalSection(ProjectConfigurationPlatforms) = postSolution
		{ABDD1BBD-6B88-31DA-A242-53BFC6341F0C}.Debug|x64.ActiveCfg = Debug|x64
		{ABDD1BBD-6B88-31DA-A242-53BFC6341F0C}.Release|x64.ActiveCfg = Release|x64
		{ABDD1BBD-6B88-31DA-A242-53BFC6341F0C}.MinSizeRel|x64.ActiveCfg = MinSizeRel|x64
		{ABDD1BBD-6B88-31DA-A242-53BFC6341F0C}.RelWithDebInfo|x64.ActiveCfg = RelWithDebInfo|x64
		{E8C38E81-D2F6-38E1-A88D-43EC67689DCE}.Debug|x64.ActiveCfg = Debug|x64
		{E8C38E81-D2F6-38E1-A88D-43EC67689DCE}.Debug|x64.Build.0 = Debug|x64
		{E8C38E81-D2F6-38E1-A88D-43EC67689DCE}.Release|x64.ActiveCfg = Release|x64
		{E8C38E81-D2F6-38E1-A88D-43EC67689DCE}.Release|x64.Build.0 = Release|x64
		{E8C38E81-D2F6-38E1-A88D-43EC67689DCE}.MinSizeRel|x64.ActiveCfg = MinSizeRel|x64
		{E8C38E81-D2F6-38E1-A88D-43EC67689DCE}.MinSizeRel|x64.Build.0 = MinSizeRel|x64
		{E8C38E81-D2F6-38E1-A88D-43EC67689DCE}.RelWithDebInfo|x64.ActiveCfg = RelWithDebInfo|x64
		{E8C38E81-D2F6-38E1-A88D-43EC67689DCE}.RelWithDebInfo|x64.Build.0 = RelWithDebInfo|x64
		{7709F90F-3DA2-3F96-A694-15125342A8F7}.Debug|x64.ActiveCfg = Debug|x64
		{7709F90F-3DA2-3F96-A694-15125342A8F7}.Debug|x64.Build.0 = Debug|x64
		{7709F90F-3DA2-3F96-A694-15125342A8F7}.Release|x64.ActiveCfg = Release|x64
		{7709F90F-3DA2-3F96-A694-15125342A8F7}.Release|x64.Build.0 = Release|x64
		{7709F90F-3DA2-3F96-A694-15125342A8F7}.MinSizeRel|x64.ActiveCfg = MinSizeRel|x64
		{7709F90F-3DA2-3F96-A694-15125342A8F7}.MinSizeRel|x64.Build.0 = MinSizeRel|x64
		{7709F90F-3DA2-3F96-A694-15125342A8F7}.RelWithDebInfo|x64.ActiveCfg = RelWithDebInfo|x64
		{7709F90F-3DA2-3F96-A694-15125342A8F7}.RelWithDebInfo|x64.Build.0 = RelWithDebInfo|x64
	EndGlobalSection
	GlobalSection(ExtensibilityGlobals) = postSolution
		SolutionGuid = {F7FA6B80-4617-3F66-AA42-AB052100D2B0}
	EndGlobalSection
	GlobalSection(ExtensibilityAddIns) = postSolution
	EndGlobalSection
EndGlobal
